
Microsoft Visual Studio Solution File, Format Version 12.00
# Visual Studio Version 17
VisualStudioVersion = 17.13.35806.99 d17.13
MinimumVisualStudioVersion = 10.0.40219.1
Project("{FAE04EC0-301F-11D3-BF4B-00C04F79EFBC}") = "eCommerce.API", "eCommerce.API\eCommerce.API.csproj", "{4B385190-DB12-4DA1-9CEA-B43A964324E1}"
EndProject
Project("{FAE04EC0-301F-11D3-BF4B-00C04F79EFBC}") = "eCommerce.Infrastructure", "eCommerce.Infrastructure\eCommerce.Infrastructure.csproj", "{16359C71-2C31-44C6-B9F8-ED097C49E63C}"
EndProject
Project("{FAE04EC0-301F-11D3-BF4B-00C04F79EFBC}") = "eCommerce.Core", "eCommerce.Core\eCommerce.Core.csproj", "{91F653E7-9662-4DA5-AA0E-E7680BF071E3}"
EndProject
Global
	GlobalSection(SolutionConfigurationPlatforms) = preSolution
		Debug|Any CPU = Debug|Any CPU
		Release|Any CPU = Release|Any CPU
	EndGlobalSection
	GlobalSection(ProjectConfigurationPlatforms) = postSolution
		{4B385190-DB12-4DA1-9CEA-B43A964324E1}.Debug|Any CPU.ActiveCfg = Debug|Any CPU
		{4B385190-DB12-4DA1-9CEA-B43A964324E1}.Debug|Any CPU.Build.0 = Debug|Any CPU
		{4B385190-DB12-4DA1-9CEA-B43A964324E1}.Release|Any CPU.ActiveCfg = Release|Any CPU
		{4B385190-DB12-4DA1-9CEA-B43A964324E1}.Release|Any CPU.Build.0 = Release|Any CPU
		{16359C71-2C31-44C6-B9F8-ED097C49E63C}.Debug|Any CPU.ActiveCfg = Debug|Any CPU
		{16359C71-2C31-44C6-B9F8-ED097C49E63C}.Debug|Any CPU.Build.0 = Debug|Any CPU
		{16359C71-2C31-44C6-B9F8-ED097C49E63C}.Release|Any CPU.ActiveCfg = Release|Any CPU
		{16359C71-2C31-44C6-B9F8-ED097C49E63C}.Release|Any CPU.Build.0 = Release|Any CPU
		{91F653E7-9662-4DA5-AA0E-E7680BF071E3}.Debug|Any CPU.ActiveCfg = Debug|Any CPU
		{91F653E7-9662-4DA5-AA0E-E7680BF071E3}.Debug|Any CPU.Build.0 = Debug|Any CPU
		{91F653E7-9662-4DA5-AA0E-E7680BF071E3}.Release|Any CPU.ActiveCfg = Release|Any CPU
		{91F653E7-9662-4DA5-AA0E-E7680BF071E3}.Release|Any CPU.Build.0 = Release|Any CPU
	EndGlobalSection
	GlobalSection(SolutionProperties) = preSolution
		HideSolutionNode = FALSE
	EndGlobalSection
	GlobalSection(ExtensibilityGlobals) = postSolution
		SolutionGuid = {C8B6F685-D3B0-4B4C-AD32-77A85B4F8B82}
	EndGlobalSection
EndGlobal
